
Microsoft Visual Studio Solution File, Format Version 12.00
# Visual Studio Version 16
VisualStudioVersion = 16.0.30717.126
MinimumVisualStudioVersion = 10.0.40219.1
Project("{8BC9CEB8-8B4A-11D0-8D11-00A0C91BC942}") = "KernelAntiCheat", "KernelAntiCheat\KernelAntiCheat.vcxproj", "{AA863813-E90A-4DF9-B032-839573C0DD54}"
EndProject
Global
	GlobalSection(SolutionConfigurationPlatforms) = preSolution
		Debug|ARM = Debug|ARM
		Debug|ARM64 = Debug|ARM64
		Debug|x64 = Debug|x64
		Debug|x86 = Debug|x86
		Release|ARM = Release|ARM
		Release|ARM64 = Release|ARM64
		Release|x64 = Release|x64
		Release|x86 = Release|x86
	EndGlobalSection
	GlobalSection(ProjectConfigurationPlatforms) = postSolution
		{AA863813-E90A-4DF9-B032-839573C0DD54}.Debug|ARM.ActiveCfg = Win10Debug|x64
		{AA863813-E90A-4DF9-B032-839573C0DD54}.Debug|ARM.Build.0 = Win10Debug|x64
		{AA863813-E90A-4DF9-B032-839573C0DD54}.Debug|ARM.Deploy.0 = Win10Debug|x64
		{AA863813-E90A-4DF9-B032-839573C0DD54}.Debug|ARM64.ActiveCfg = Debug|ARM64
		{AA863813-E90A-4DF9-B032-839573C0DD54}.Debug|ARM64.Build.0 = Debug|ARM64
		{AA863813-E90A-4DF9-B032-839573C0DD54}.Debug|ARM64.Deploy.0 = Debug|ARM64
		{AA863813-E90A-4DF9-B032-839573C0DD54}.Debug|x64.ActiveCfg = Debug|x64
		{AA863813-E90A-4DF9-B032-839573C0DD54}.Debug|x64.Build.0 = Debug|x64
		{AA863813-E90A-4DF9-B032-839573C0DD54}.Debug|x64.Deploy.0 = Debug|x64
		{AA863813-E90A-4DF9-B032-839573C0DD54}.Debug|x86.ActiveCfg = Debug|Win32
		{AA863813-E90A-4DF9-B032-839573C0DD54}.Debug|x86.Build.0 = Debug|Win32
		{AA863813-E90A-4DF9-B032-839573C0DD54}.Debug|x86.Deploy.0 = Debug|Win32
		{AA863813-E90A-4DF9-B032-839573C0DD54}.Release|ARM.ActiveCfg = Win10Debug|x64
		{AA863813-E90A-4DF9-B032-839573C0DD54}.Release|ARM.Build.0 = Win10Debug|x64
		{AA863813-E90A-4DF9-B032-839573C0DD54}.Release|ARM.Deploy.0 = Win10Debug|x64
		{AA863813-E90A-4DF9-B032-839573C0DD54}.Release|ARM64.ActiveCfg = Release|ARM64
		{AA863813-E90A-4DF9-B032-839573C0DD54}.Release|ARM64.Build.0 = Release|ARM64
		{AA863813-E90A-4DF9-B032-839573C0DD54}.Release|ARM64.Deploy.0 = Release|ARM64
		{AA863813-E90A-4DF9-B032-839573C0DD54}.Release|x64.ActiveCfg = Win10Release|x64
		{AA863813-E90A-4DF9-B032-839573C0DD54}.Release|x64.Build.0 = Win10Release|x64
		{AA863813-E90A-4DF9-B032-839573C0DD54}.Release|x86.ActiveCfg = Release|Win32
		{AA863813-E90A-4DF9-B032-839573C0DD54}.Release|x86.Build.0 = Release|Win32
		{AA863813-E90A-4DF9-B032-839573C0DD54}.Release|x86.Deploy.0 = Release|Win32
	EndGlobalSection
	GlobalSection(SolutionProperties) = preSolution
		HideSolutionNode = FALSE
	EndGlobalSection
	GlobalSection(ExtensibilityGlobals) = postSolution
		SolutionGuid = {5CFEF320-F924-453B-960B-FB0F1B18E1E5}
	EndGlobalSection
EndGlobal
